
Microsoft Visual Studio Solution File, Format Version 12.00
# Visual Studio 15
VisualStudioVersion = 15.0.28010.2026
MinimumVisualStudioVersion = 10.0.40219.1
Project("{9A19103F-16F7-4668-BE54-9A1E7A4F7556}") = "ComponentLibrary", "ComponentLibrary\ComponentLibrary.csproj", "{AC32A569-E835-48AD-89FE-1F6EE4F9491C}"
EndProject
Project("{FAE04EC0-301F-11D3-BF4B-00C04F79EFBC}") = "ComponentTest", "ComponentTest\ComponentTest.csproj", "{BBA1D1BE-355D-4368-AF7C-85A122A34A79}"
EndProject
Global
	GlobalSection(SolutionConfigurationPlatforms) = preSolution
		Debug|Any CPU = Debug|Any CPU
		Release|Any CPU = Release|Any CPU
	EndGlobalSection
	GlobalSection(ProjectConfigurationPlatforms) = postSolution
		{AC32A569-E835-48AD-89FE-1F6EE4F9491C}.Debug|Any CPU.ActiveCfg = Debug|Any CPU
		{AC32A569-E835-48AD-89FE-1F6EE4F9491C}.Debug|Any CPU.Build.0 = Debug|Any CPU
		{AC32A569-E835-48AD-89FE-1F6EE4F9491C}.Release|Any CPU.ActiveCfg = Release|Any CPU
		{AC32A569-E835-48AD-89FE-1F6EE4F9491C}.Release|Any CPU.Build.0 = Release|Any CPU
		{BBA1D1BE-355D-4368-AF7C-85A122A34A79}.Debug|Any CPU.ActiveCfg = Debug|Any CPU
		{BBA1D1BE-355D-4368-AF7C-85A122A34A79}.Debug|Any CPU.Build.0 = Debug|Any CPU
		{BBA1D1BE-355D-4368-AF7C-85A122A34A79}.Release|Any CPU.ActiveCfg = Release|Any CPU
		{BBA1D1BE-355D-4368-AF7C-85A122A34A79}.Release|Any CPU.Build.0 = Release|Any CPU
	EndGlobalSection
	GlobalSection(SolutionProperties) = preSolution
		HideSolutionNode = FALSE
	EndGlobalSection
	GlobalSection(ExtensibilityGlobals) = postSolution
		SolutionGuid = {B436C537-D892-499B-BB4E-BB21B3080CBF}
	EndGlobalSection
EndGlobal
